
Microsoft Visual Studio Solution File, Format Version 12.00
Project("{FAE04EC0-301F-11D3-BF4B-00C04F79EFBC}") = "ButecoBot", "ButecoBot\ButecoBot.csproj", "{3B168754-498C-4CBE-AFEB-388AC256A121}"
EndProject
Project("{FAE04EC0-301F-11D3-BF4B-00C04F79EFBC}") = "ButecoBot.Discord", "ButecoBot.Discord\ButecoBot.Discord.csproj", "{3FC5F943-3964-4BA8-966D-5B2E8DF88925}"
EndProject
Project("{FAE04EC0-301F-11D3-BF4B-00C04F79EFBC}") = "ButecoBot.Web", "ButecoBot.Web\ButecoBot.Web.csproj", "{413B5D1A-80FA-404F-B8E3-B10454BC88BB}"
EndProject
Project("{2150E333-8FDC-42A3-9474-1A3956D46DE8}") = "Solution Itens", "Solution Itens", "{908C4E45-93BA-4079-8BEB-D6F27EE64121}"
EndProject
Global
	GlobalSection(SolutionConfigurationPlatforms) = preSolution
		Debug|Any CPU = Debug|Any CPU
		Release|Any CPU = Release|Any CPU
	EndGlobalSection
	GlobalSection(ProjectConfigurationPlatforms) = postSolution
		{3B168754-498C-4CBE-AFEB-388AC256A121}.Debug|Any CPU.ActiveCfg = Debug|Any CPU
		{3B168754-498C-4CBE-AFEB-388AC256A121}.Debug|Any CPU.Build.0 = Debug|Any CPU
		{3B168754-498C-4CBE-AFEB-388AC256A121}.Release|Any CPU.ActiveCfg = Release|Any CPU
		{3B168754-498C-4CBE-AFEB-388AC256A121}.Release|Any CPU.Build.0 = Release|Any CPU
		{3FC5F943-3964-4BA8-966D-5B2E8DF88925}.Debug|Any CPU.ActiveCfg = Debug|Any CPU
		{3FC5F943-3964-4BA8-966D-5B2E8DF88925}.Debug|Any CPU.Build.0 = Debug|Any CPU
		{3FC5F943-3964-4BA8-966D-5B2E8DF88925}.Release|Any CPU.ActiveCfg = Release|Any CPU
		{3FC5F943-3964-4BA8-966D-5B2E8DF88925}.Release|Any CPU.Build.0 = Release|Any CPU
		{413B5D1A-80FA-404F-B8E3-B10454BC88BB}.Debug|Any CPU.ActiveCfg = Debug|Any CPU
		{413B5D1A-80FA-404F-B8E3-B10454BC88BB}.Debug|Any CPU.Build.0 = Debug|Any CPU
		{413B5D1A-80FA-404F-B8E3-B10454BC88BB}.Release|Any CPU.ActiveCfg = Release|Any CPU
		{413B5D1A-80FA-404F-B8E3-B10454BC88BB}.Release|Any CPU.Build.0 = Release|Any CPU
	EndGlobalSection
EndGlobal
